
Microsoft Visual Studio Solution File, Format Version 12.00
# Visual Studio Version 16
VisualStudioVersion = 16.0.32228.343
MinimumVisualStudioVersion = 10.0.40219.1
Project("{FAE04EC0-301F-11D3-BF4B-00C04F79EFBC}") = "Azalea_Editor", "Azalea_Editor\Azalea_Editor.csproj", "{857FFA9D-441D-4A72-BAF8-3A7D292DDAEF}"
EndProject
Global
	GlobalSection(SolutionConfigurationPlatforms) = preSolution
		Debug|Any CPU = Debug|Any CPU
		Debug|x64 = Debug|x64
		Release|Any CPU = Release|Any CPU
		Release|x64 = Release|x64
		x64|Any CPU = x64|Any CPU
		x64|x64 = x64|x64
	EndGlobalSection
	GlobalSection(ProjectConfigurationPlatforms) = postSolution
		{857FFA9D-441D-4A72-BAF8-3A7D292DDAEF}.Debug|Any CPU.ActiveCfg = Debug|Any CPU
		{857FFA9D-441D-4A72-BAF8-3A7D292DDAEF}.Debug|Any CPU.Build.0 = Debug|Any CPU
		{857FFA9D-441D-4A72-BAF8-3A7D292DDAEF}.Debug|x64.ActiveCfg = Debug|x64
		{857FFA9D-441D-4A72-BAF8-3A7D292DDAEF}.Debug|x64.Build.0 = Debug|x64
		{857FFA9D-441D-4A72-BAF8-3A7D292DDAEF}.Release|Any CPU.ActiveCfg = Release|Any CPU
		{857FFA9D-441D-4A72-BAF8-3A7D292DDAEF}.Release|Any CPU.Build.0 = Release|Any CPU
		{857FFA9D-441D-4A72-BAF8-3A7D292DDAEF}.Release|x64.ActiveCfg = Release|x64
		{857FFA9D-441D-4A72-BAF8-3A7D292DDAEF}.Release|x64.Build.0 = Release|x64
		{857FFA9D-441D-4A72-BAF8-3A7D292DDAEF}.x64|Any CPU.ActiveCfg = x64|Any CPU
		{857FFA9D-441D-4A72-BAF8-3A7D292DDAEF}.x64|Any CPU.Build.0 = x64|Any CPU
		{857FFA9D-441D-4A72-BAF8-3A7D292DDAEF}.x64|x64.ActiveCfg = x64|x64
		{857FFA9D-441D-4A72-BAF8-3A7D292DDAEF}.x64|x64.Build.0 = x64|x64
	EndGlobalSection
	GlobalSection(SolutionProperties) = preSolution
		HideSolutionNode = FALSE
	EndGlobalSection
	GlobalSection(ExtensibilityGlobals) = postSolution
		SolutionGuid = {DFF5C2FC-15AB-4D6F-A042-4A3B7433B6FF}
	EndGlobalSection
EndGlobal
